{
  "name": "7b1d68f041a84c52",
  "lockfileVersion": 3,
  "requires": true,
  "packages": {
    "": {
      "dependencies": {
        "create-tauri-app": "^4.6.2"
      }
    },
    "node_modules/create-tauri-app": {
      "version": "4.6.2",
      "resolved": "https://registry.npmmirror.com/create-tauri-app/-/create-tauri-app-4.6.2.tgz",
      "integrity": "sha512-1dbhGme54Ew2byxD2zr36+Z676cWPdDgpgkTgPeYgSczEN5aJpuwms2c3ncNRbzWyLpdAYGXbRNBUBhFxhB4tw==",
      "license": "Apache-2.0 OR MIT",
      "bin": {
        "create-tauri-app": "create-tauri-app.js"
      },
      "engines": {
        "node": ">= 10"
      },
      "funding": {
        "type": "opencollective",
        "url": "https://opencollective.com/tauri"
      },
      "optionalDependencies": {
        "create-tauri-app-darwin-arm64": "4.6.2",
        "create-tauri-app-darwin-universal": "4.6.2",
        "create-tauri-app-darwin-x64": "4.6.2",
        "create-tauri-app-linux-arm-gnueabihf": "4.6.2",
        "create-tauri-app-linux-arm64-gnu": "4.6.2",
        "create-tauri-app-linux-arm64-musl": "4.6.2",
        "create-tauri-app-linux-x64-gnu": "4.6.2",
        "create-tauri-app-linux-x64-musl": "4.6.2",
        "create-tauri-app-win32-arm64-msvc": "4.6.2",
        "create-tauri-app-win32-ia32-msvc": "4.6.2",
        "create-tauri-app-win32-x64-msvc": "4.6.2"
      }
    },
    "node_modules/create-tauri-app-darwin-arm64": {
      "version": "4.6.2",
      "resolved": "https://registry.npmmirror.com/create-tauri-app-darwin-arm64/-/create-tauri-app-darwin-arm64-4.6.2.tgz",
      "integrity": "sha512-yI+zX/ioOW7CoPKngUc+pCuBZWg33VEBx2xSMNQKtivjy+EAF6USyyR5G8d7mjdJwopp2cVwX/Y3CTQJJGs0UQ==",
      "cpu": [
        "arm64"
      ],
      "license": "MIT",
      "optional": true,
      "os": [
        "darwin"
      ],
      "engines": {
        "node": ">= 10"
      }
    },
    "node_modules/create-tauri-app-darwin-universal": {
      "version": "4.6.2",
      "resolved": "https://registry.npmmirror.com/create-tauri-app-darwin-universal/-/create-tauri-app-darwin-universal-4.6.2.tgz",
      "integrity": "sha512-vk/wD3MGwlkIF1Tkpq7s48jVcIHJ8DX30A9cKw+I1iILIkS30WLUga87fcT4UffkG08rwkt28aPTJBxcVJwwcw==",
      "license": "MIT",
      "optional": true,
      "os": [
        "darwin"
      ],
      "engines": {
        "node": ">= 10"
      }
    },
    "node_modules/create-tauri-app-darwin-x64": {
      "version": "4.6.2",
      "resolved": "https://registry.npmmirror.com/create-tauri-app-darwin-x64/-/create-tauri-app-darwin-x64-4.6.2.tgz",
      "integrity": "sha512-O68Jenh2D7u12hzh+8yFoeyLWK10nvCCPhZ4n+j46S05HVfXVJ5ySszoXK/IK3wNAtOm6ntmshkR5qxLlBxzDA==",
      "cpu": [
        "x64"
      ],
      "license": "MIT",
      "optional": true,
      "os": [
        "darwin"
      ],
      "engines": {
        "node": ">= 10"
      }
    },
    "node_modules/create-tauri-app-linux-arm-gnueabihf": {
      "version": "4.6.2",
      "resolved": "https://registry.npmmirror.com/create-tauri-app-linux-arm-gnueabihf/-/create-tauri-app-linux-arm-gnueabihf-4.6.2.tgz",
      "integrity": "sha512-F0f4H1ZUomywiIqGHbippqky3vBi3WMoQxifoL/J+hgV1vcmY829sbRUK/bN4EvbcGaF9/CXeJ68hdrgbNOL5g==",
      "cpu": [
        "arm"
      ],
      "license": "MIT",
      "optional": true,
      "os": [
        "linux"
      ],
      "engines": {
        "node": ">= 10"
      }
    },
    "node_modules/create-tauri-app-linux-arm64-gnu": {
      "version": "4.6.2",
      "resolved": "https://registry.npmmirror.com/create-tauri-app-linux-arm64-gnu/-/create-tauri-app-linux-arm64-gnu-4.6.2.tgz",
      "integrity": "sha512-E12SIbUQ7MRjHOa+12Gu65z38Nm8rEkfpSWLHlBv3Af/voNfEgJjkhcsKhluzroQUPttOHPBthioA+USAIOdRg==",
      "cpu": [
        "arm64"
      ],
      "libc": [
        "glibc"
      ],
      "license": "MIT",
      "optional": true,
      "os": [
        "linux"
      ],
      "engines": {
        "node": ">= 10"
      }
    },
    "node_modules/create-tauri-app-linux-arm64-musl": {
      "version": "4.6.2",
      "resolved": "https://registry.npmmirror.com/create-tauri-app-linux-arm64-musl/-/create-tauri-app-linux-arm64-musl-4.6.2.tgz",
      "integrity": "sha512-1JsgH3q6g1YLwWUvOBQWw7gKb/r+0B8Kh1U5ucEq40yN8gnsLT+hu0Hpt3BIIVy0fzcAFnG84RC01obPJInAMA==",
      "cpu": [
        "arm64"
      ],
      "libc": [
        "musl"
      ],
      "license": "MIT",
      "optional": true,
      "os": [
        "linux"
      ],
      "engines": {
        "node": ">= 10"
      }
    },
    "node_modules/create-tauri-app-linux-x64-gnu": {
      "version": "4.6.2",
      "resolved": "https://registry.npmmirror.com/create-tauri-app-linux-x64-gnu/-/create-tauri-app-linux-x64-gnu-4.6.2.tgz",
      "integrity": "sha512-/iLQ7ILU1et+YlIpCsvrd4BRzNIjcTWQSjw7RmMxffbiJ0GcZjh3W+7aEB/40ZroqBftOd0LeMKISCsYqArrXQ==",
      "cpu": [
        "x64"
      ],
      "libc": [
        "glibc"
      ],
      "license": "MIT",
      "optional": true,
      "os": [
        "linux"
      ],
      "engines": {
        "node": ">= 10"
      }
    },
    "node_modules/create-tauri-app-linux-x64-musl": {
      "version": "4.6.2",
      "resolved": "https://registry.npmmirror.com/create-tauri-app-linux-x64-musl/-/create-tauri-app-linux-x64-musl-4.6.2.tgz",
      "integrity": "sha512-O+MYU04J+tYZqQFG7pSvTU9BIKMsDr8UY+xn/l+ZJ5AVKgvkvp/ktiY5OHspnKi4dVMPfUyKkcRsAix9+V/hGQ==",
      "cpu": [
        "x64"
      ],
      "libc": [
        "musl"
      ],
      "license": "MIT",
      "optional": true,
      "os": [
        "linux"
      ],
      "engines": {
        "node": ">= 10"
      }
    },
    "node_modules/create-tauri-app-win32-arm64-msvc": {
      "version": "4.6.2",
      "resolved": "https://registry.npmmirror.com/create-tauri-app-win32-arm64-msvc/-/create-tauri-app-win32-arm64-msvc-4.6.2.tgz",
      "integrity": "sha512-BBMgmnum/CJ2xbTd67dAsj/2xq0zGDyo/+oppUJkd2cmIno6NXC5rzDvO0v6NreRSNILqJHItBU866LEqu0rVg==",
      "cpu": [
        "arm64"
      ],
      "license": "MIT",
      "optional": true,
      "os": [
        "win32"
      ],
      "engines": {
        "node": ">= 10"
      }
    },
    "node_modules/create-tauri-app-win32-ia32-msvc": {
      "version": "4.6.2",
      "resolved": "https://registry.npmmirror.com/create-tauri-app-win32-ia32-msvc/-/create-tauri-app-win32-ia32-msvc-4.6.2.tgz",
      "integrity": "sha512-9Rx6B3O1WcL81+La2i3ghNQL243eFJnnmT8q7IePZVZwhnzXmNVkR6ISvYbo65FDArKdCrUjaFFtNfzhVWraFA==",
      "cpu": [
        "ia32"
      ],
      "license": "MIT",
      "optional": true,
      "os": [
        "win32"
      ],
      "engines": {
        "node": ">= 10"
      }
    },
    "node_modules/create-tauri-app-win32-x64-msvc": {
      "version": "4.6.2",
      "resolved": "https://registry.npmmirror.com/create-tauri-app-win32-x64-msvc/-/create-tauri-app-win32-x64-msvc-4.6.2.tgz",
      "integrity": "sha512-Su7U0T8iiU2zvYRu/2/PXTtdvFz3o0g9EclzFGRqmlMgAsl20rddXzKWbqjmZ3wkTnbe1U5x52mAJg4ESA6AFA==",
      "cpu": [
        "x64"
      ],
      "license": "MIT",
      "optional": true,
      "os": [
        "win32"
      ],
      "engines": {
        "node": ">= 10"
      }
    }
  }
}
